// !$*UTF8*$!
{
	archiveVersion = 1;
	classes = {
	};
	objectVersion = 55;
	objects = {

/* Begin PBXBuildFile section */
		343DB68F27E517E800B73C48 /* StocksApp.swift in Sources */ = {isa = PBXBuildFile; fileRef = 343DB68E27E517E800B73C48 /* StocksApp.swift */; };
		343DB69127E517E800B73C48 /* ContentView.swift in Sources */ = {isa = PBXBuildFile; fileRef = 343DB69027E517E800B73C48 /* ContentView.swift */; };
		343DB69327E517E900B73C48 /* Assets.xcassets in Resources */ = {isa = PBXBuildFile; fileRef = 343DB69227E517E900B73C48 /* Assets.xcassets */; };
		343DB69627E517E900B73C48 /* Preview Assets.xcassets in Resources */ = {isa = PBXBuildFile; fileRef = 343DB69527E517E900B73C48 /* Preview Assets.xcassets */; };
		343DB6A027E517E900B73C48 /* StocksTests.swift in Sources */ = {isa = PBXBuildFile; fileRef = 343DB69F27E517E900B73C48 /* StocksTests.swift */; };
		343DB6AA27E517E900B73C48 /* StocksUITests.swift in Sources */ = {isa = PBXBuildFile; fileRef = 343DB6A927E517E900B73C48 /* StocksUITests.swift */; };
		343DB6AC27E517E900B73C48 /* StocksUITestsLaunchTests.swift in Sources */ = {isa = PBXBuildFile; fileRef = 343DB6AB27E517E900B73C48 /* StocksUITestsLaunchTests.swift */; };
		343DB6C427E52CBB00B73C48 /* NetworkManager.swift in Sources */ = {isa = PBXBuildFile; fileRef = 343DB6C327E52CBB00B73C48 /* NetworkManager.swift */; };
		3466D74B27E903AD0080DF07 /* GlobalQuote.swift in Sources */ = {isa = PBXBuildFile; fileRef = 3466D74A27E903AD0080DF07 /* GlobalQuote.swift */; };
		3466D74D27E9091A0080DF07 /* Quote.swift in Sources */ = {isa = PBXBuildFile; fileRef = 3466D74C27E9091A0080DF07 /* Quote.swift */; };
		3466D74F27E919290080DF07 /* API.swift in Sources */ = {isa = PBXBuildFile; fileRef = 3466D74E27E919290080DF07 /* API.swift */; };
		3466D75227E941B60080DF07 /* QuoteManagerProtocol.swift in Sources */ = {isa = PBXBuildFile; fileRef = 3466D75127E941B60080DF07 /* QuoteManagerProtocol.swift */; };
		3466D75427E943B10080DF07 /* MockQuoteManager.swift in Sources */ = {isa = PBXBuildFile; fileRef = 3466D75327E943B10080DF07 /* MockQuoteManager.swift */; };
		3466D75627E9455C0080DF07 /* StockQuoteManager.swift in Sources */ = {isa = PBXBuildFile; fileRef = 3466D75527E9455C0080DF07 /* StockQuoteManager.swift */; };
		3466D75827E9942D0080DF07 /* HeaderView.swift in Sources */ = {isa = PBXBuildFile; fileRef = 3466D75727E9942D0080DF07 /* HeaderView.swift */; };
		3466D75A27E998C70080DF07 /* CustomTextfield.swift in Sources */ = {isa = PBXBuildFile; fileRef = 3466D75927E998C70080DF07 /* CustomTextfield.swift */; };
		3466D75C27E99B0F0080DF07 /* SearchTextView.swift in Sources */ = {isa = PBXBuildFile; fileRef = 3466D75B27E99B0F0080DF07 /* SearchTextView.swift */; };
		3466D75E27E99F300080DF07 /* QuoteCell.swift in Sources */ = {isa = PBXBuildFile; fileRef = 3466D75D27E99F300080DF07 /* QuoteCell.swift */; };
		3466D76027E9A69D0080DF07 /* MiniQuoteView.swift in Sources */ = {isa = PBXBuildFile; fileRef = 3466D75F27E9A69D0080DF07 /* MiniQuoteView.swift */; };
		3466D76227EAA0410080DF07 /* NewsResponse.swift in Sources */ = {isa = PBXBuildFile; fileRef = 3466D76127EAA0410080DF07 /* NewsResponse.swift */; };
		3466D76427EAA0660080DF07 /* News.swift in Sources */ = {isa = PBXBuildFile; fileRef = 3466D76327EAA0660080DF07 /* News.swift */; };
		3466D76627EAA37D0080DF07 /* NewsAPI.swift in Sources */ = {isa = PBXBuildFile; fileRef = 3466D76527EAA37D0080DF07 /* NewsAPI.swift */; };
		3466D76827EAA3CA0080DF07 /* NewsDownloadManager.swift in Sources */ = {isa = PBXBuildFile; fileRef = 3466D76727EAA3CA0080DF07 /* NewsDownloadManager.swift */; };
		3466D76A27EAA5C10080DF07 /* BottomSheetView.swift in Sources */ = {isa = PBXBuildFile; fileRef = 3466D76927EAA5C10080DF07 /* BottomSheetView.swift */; };
		3466D76C27EAD2140080DF07 /* NewsSheetView.swift in Sources */ = {isa = PBXBuildFile; fileRef = 3466D76B27EAD2140080DF07 /* NewsSheetView.swift */; };
		3466D76E27EAD9900080DF07 /* NewsHeader.swift in Sources */ = {isa = PBXBuildFile; fileRef = 3466D76D27EAD9900080DF07 /* NewsHeader.swift */; };
		3466D77027EADA9B0080DF07 /* NewsListView.swift in Sources */ = {isa = PBXBuildFile; fileRef = 3466D76F27EADA9B0080DF07 /* NewsListView.swift */; };
		3466D77327EADF250080DF07 /* BetterSafariView in Frameworks */ = {isa = PBXBuildFile; productRef = 3466D77227EADF250080DF07 /* BetterSafariView */; };
		3466D77627EAE2EE0080DF07 /* ImageLoader.swift in Sources */ = {isa = PBXBuildFile; fileRef = 3466D77527EAE2EE0080DF07 /* ImageLoader.swift */; };
		3466D77827EAE2FC0080DF07 /* ImageCache.swift in Sources */ = {isa = PBXBuildFile; fileRef = 3466D77727EAE2FC0080DF07 /* ImageCache.swift */; };
		3466D77A27EAE30D0080DF07 /* ImageCacheKey.swift in Sources */ = {isa = PBXBuildFile; fileRef = 3466D77927EAE30D0080DF07 /* ImageCacheKey.swift */; };
		3466D77C27EAE32B0080DF07 /* AsyncImage.swift in Sources */ = {isa = PBXBuildFile; fileRef = 3466D77B27EAE32B0080DF07 /* AsyncImage.swift */; };
/* End PBXBuildFile section */

/* Begin PBXContainerItemProxy section */
		343DB69C27E517E900B73C48 /* PBXContainerItemProxy */ = {
			isa = PBXContainerItemProxy;
			containerPortal = 343DB68327E517E800B73C48 /* Project object */;
			proxyType = 1;
			remoteGlobalIDString = 343DB68A27E517E800B73C48;
			remoteInfo = Stocks;
		};
		343DB6A627E517E900B73C48 /* PBXContainerItemProxy */ = {
			isa = PBXContainerItemProxy;
			containerPortal = 343DB68327E517E800B73C48 /* Project object */;
			proxyType = 1;
			remoteGlobalIDString = 343DB68A27E517E800B73C48;
			remoteInfo = Stocks;
		};
/* End PBXContainerItemProxy section */

/* Begin PBXFileReference section */
		343DB68B27E517E800B73C48 /* Stocks.app */ = {isa = PBXFileReference; explicitFileType = wrapper.application; includeInIndex = 0; path = Stocks.app; sourceTree = BUILT_PRODUCTS_DIR; };
		343DB68E27E517E800B73C48 /* StocksApp.swift */ = {isa = PBXFileReference; lastKnownFileType = sourcecode.swift; path = StocksApp.swift; sourceTree = "<group>"; };
		343DB69027E517E800B73C48 /* ContentView.swift */ = {isa = PBXFileReference; lastKnownFileType = sourcecode.swift; path = ContentView.swift; sourceTree = "<group>"; };
		343DB69227E517E900B73C48 /* Assets.xcassets */ = {isa = PBXFileReference; lastKnownFileType = folder.assetcatalog; path = Assets.xcassets; sourceTree = "<group>"; };
		343DB69527E517E900B73C48 /* Preview Assets.xcassets */ = {isa = PBXFileReference; lastKnownFileType = folder.assetcatalog; path = "Preview Assets.xcassets"; sourceTree = "<group>"; };
		343DB69B27E517E900B73C48 /* StocksTests.xctest */ = {isa = PBXFileReference; explicitFileType = wrapper.cfbundle; includeInIndex = 0; path = StocksTests.xctest; sourceTree = BUILT_PRODUCTS_DIR; };
		343DB69F27E517E900B73C48 /* StocksTests.swift */ = {isa = PBXFileReference; lastKnownFileType = sourcecode.swift; path = StocksTests.swift; sourceTree = "<group>"; };
		343DB6A527E517E900B73C48 /* StocksUITests.xctest */ = {isa = PBXFileReference; explicitFileType = wrapper.cfbundle; includeInIndex = 0; path = StocksUITests.xctest; sourceTree = BUILT_PRODUCTS_DIR; };
		343DB6A927E517E900B73C48 /* StocksUITests.swift */ = {isa = PBXFileReference; lastKnownFileType = sourcecode.swift; path = StocksUITests.swift; sourceTree = "<group>"; };
		343DB6AB27E517E900B73C48 /* StocksUITestsLaunchTests.swift */ = {isa = PBXFileReference; lastKnownFileType = sourcecode.swift; path = StocksUITestsLaunchTests.swift; sourceTree = "<group>"; };
		343DB6C327E52CBB00B73C48 /* NetworkManager.swift */ = {isa = PBXFileReference; lastKnownFileType = sourcecode.swift; path = NetworkManager.swift; sourceTree = "<group>"; };
		3466D74A27E903AD0080DF07 /* GlobalQuote.swift */ = {isa = PBXFileReference; lastKnownFileType = sourcecode.swift; path = GlobalQuote.swift; sourceTree = "<group>"; };
		3466D74C27E9091A0080DF07 /* Quote.swift */ = {isa = PBXFileReference; lastKnownFileType = sourcecode.swift; path = Quote.swift; sourceTree = "<group>"; };
		3466D74E27E919290080DF07 /* API.swift */ = {isa = PBXFileReference; lastKnownFileType = sourcecode.swift; path = API.swift; sourceTree = "<group>"; };
		3466D75127E941B60080DF07 /* QuoteManagerProtocol.swift */ = {isa = PBXFileReference; lastKnownFileType = sourcecode.swift; path = QuoteManagerProtocol.swift; sourceTree = "<group>"; };
		3466D75327E943B10080DF07 /* MockQuoteManager.swift */ = {isa = PBXFileReference; lastKnownFileType = sourcecode.swift; path = MockQuoteManager.swift; sourceTree = "<group>"; };
		3466D75527E9455C0080DF07 /* StockQuoteManager.swift */ = {isa = PBXFileReference; lastKnownFileType = sourcecode.swift; path = StockQuoteManager.swift; sourceTree = "<group>"; };
		3466D75727E9942D0080DF07 /* HeaderView.swift */ = {isa = PBXFileReference; lastKnownFileType = sourcecode.swift; path = HeaderView.swift; sourceTree = "<group>"; };
		3466D75927E998C70080DF07 /* CustomTextfield.swift */ = {isa = PBXFileReference; lastKnownFileType = sourcecode.swift; path = CustomTextfield.swift; sourceTree = "<group>"; };
		3466D75B27E99B0F0080DF07 /* SearchTextView.swift */ = {isa = PBXFileReference; lastKnownFileType = sourcecode.swift; path = SearchTextView.swift; sourceTree = "<group>"; };
		3466D75D27E99F300080DF07 /* QuoteCell.swift */ = {isa = PBXFileReference; lastKnownFileType = sourcecode.swift; path = QuoteCell.swift; sourceTree = "<group>"; };
		3466D75F27E9A69D0080DF07 /* MiniQuoteView.swift */ = {isa = PBXFileReference; lastKnownFileType = sourcecode.swift; path = MiniQuoteView.swift; sourceTree = "<group>"; };
		3466D76127EAA0410080DF07 /* NewsResponse.swift */ = {isa = PBXFileReference; lastKnownFileType = sourcecode.swift; path = NewsResponse.swift; sourceTree = "<group>"; };
		3466D76327EAA0660080DF07 /* News.swift */ = {isa = PBXFileReference; lastKnownFileType = sourcecode.swift; path = News.swift; sourceTree = "<group>"; };
		3466D76527EAA37D0080DF07 /* NewsAPI.swift */ = {isa = PBXFileReference; lastKnownFileType = sourcecode.swift; path = NewsAPI.swift; sourceTree = "<group>"; };
		3466D76727EAA3CA0080DF07 /* NewsDownloadManager.swift */ = {isa = PBXFileReference; lastKnownFileType = sourcecode.swift; path = NewsDownloadManager.swift; sourceTree = "<group>"; };
		3466D76927EAA5C10080DF07 /* BottomSheetView.swift */ = {isa = PBXFileReference; lastKnownFileType = sourcecode.swift; path = BottomSheetView.swift; sourceTree = "<group>"; };
		3466D76B27EAD2140080DF07 /* NewsSheetView.swift */ = {isa = PBXFileReference; lastKnownFileType = sourcecode.swift; path = NewsSheetView.swift; sourceTree = "<group>"; };
		3466D76D27EAD9900080DF07 /* NewsHeader.swift */ = {isa = PBXFileReference; lastKnownFileType = sourcecode.swift; path = NewsHeader.swift; sourceTree = "<group>"; };
		3466D76F27EADA9B0080DF07 /* NewsListView.swift */ = {isa = PBXFileReference; lastKnownFileType = sourcecode.swift; path = NewsListView.swift; sourceTree = "<group>"; };
		3466D77527EAE2EE0080DF07 /* ImageLoader.swift */ = {isa = PBXFileReference; lastKnownFileType = sourcecode.swift; path = ImageLoader.swift; sourceTree = "<group>"; };
		3466D77727EAE2FC0080DF07 /* ImageCache.swift */ = {isa = PBXFileReference; lastKnownFileType = sourcecode.swift; path = ImageCache.swift; sourceTree = "<group>"; };
		3466D77927EAE30D0080DF07 /* ImageCacheKey.swift */ = {isa = PBXFileReference; lastKnownFileType = sourcecode.swift; path = ImageCacheKey.swift; sourceTree = "<group>"; };
		3466D77B27EAE32B0080DF07 /* AsyncImage.swift */ = {isa = PBXFileReference; lastKnownFileType = sourcecode.swift; path = AsyncImage.swift; sourceTree = "<group>"; };
/* End PBXFileReference section */

/* Begin PBXFrameworksBuildPhase section */
		343DB68827E517E800B73C48 /* Frameworks */ = {
			isa = PBXFrameworksBuildPhase;
			buildActionMask = 2147483647;
			files = (
				3466D77327EADF250080DF07 /* BetterSafariView in Frameworks */,
			);
			runOnlyForDeploymentPostprocessing = 0;
		};
		343DB69827E517E900B73C48 /* Frameworks */ = {
			isa = PBXFrameworksBuildPhase;
			buildActionMask = 2147483647;
			files = (
			);
			runOnlyForDeploymentPostprocessing = 0;
		};
		343DB6A227E517E900B73C48 /* Frameworks */ = {
			isa = PBXFrameworksBuildPhase;
			buildActionMask = 2147483647;
			files = (
			);
			runOnlyForDeploymentPostprocessing = 0;
		};
/* End PBXFrameworksBuildPhase section */

/* Begin PBXGroup section */
		343DB68227E517E800B73C48 = {
			isa = PBXGroup;
			children = (
				343DB68D27E517E800B73C48 /* Stocks */,
				343DB69E27E517E900B73C48 /* StocksTests */,
				343DB6A827E517E900B73C48 /* StocksUITests */,
				343DB68C27E517E800B73C48 /* Products */,
			);
			sourceTree = "<group>";
		};
		343DB68C27E517E800B73C48 /* Products */ = {
			isa = PBXGroup;
			children = (
				343DB68B27E517E800B73C48 /* Stocks.app */,
				343DB69B27E517E900B73C48 /* StocksTests.xctest */,
				343DB6A527E517E900B73C48 /* StocksUITests.xctest */,
			);
			name = Products;
			sourceTree = "<group>";
		};
		343DB68D27E517E800B73C48 /* Stocks */ = {
			isa = PBXGroup;
			children = (
				343DB6C227E520D300B73C48 /* Utils */,
				343DB6B827E5184300B73C48 /* Features */,
				343DB68E27E517E800B73C48 /* StocksApp.swift */,
				343DB69027E517E800B73C48 /* ContentView.swift */,
				343DB69227E517E900B73C48 /* Assets.xcassets */,
				343DB69427E517E900B73C48 /* Preview Content */,
			);
			path = Stocks;
			sourceTree = "<group>";
		};
		343DB69427E517E900B73C48 /* Preview Content */ = {
			isa = PBXGroup;
			children = (
				343DB69527E517E900B73C48 /* Preview Assets.xcassets */,
			);
			path = "Preview Content";
			sourceTree = "<group>";
		};
		343DB69E27E517E900B73C48 /* StocksTests */ = {
			isa = PBXGroup;
			children = (
				343DB69F27E517E900B73C48 /* StocksTests.swift */,
			);
			path = StocksTests;
			sourceTree = "<group>";
		};
		343DB6A827E517E900B73C48 /* StocksUITests */ = {
			isa = PBXGroup;
			children = (
				343DB6A927E517E900B73C48 /* StocksUITests.swift */,
				343DB6AB27E517E900B73C48 /* StocksUITestsLaunchTests.swift */,
			);
			path = StocksUITests;
			sourceTree = "<group>";
		};
		343DB6B827E5184300B73C48 /* Features */ = {
			isa = PBXGroup;
			children = (
				343DB6BF27E518D600B73C48 /* News */,
				343DB6BC27E518BB00B73C48 /* Search */,
				343DB6B927E5184C00B73C48 /* Quotes */,
			);
			path = Features;
			sourceTree = "<group>";
		};
		343DB6B927E5184C00B73C48 /* Quotes */ = {
			isa = PBXGroup;
			children = (
				3466D75027E941950080DF07 /* Managers */,
				343DB6BB27E518A800B73C48 /* Views */,
				343DB6BA27E518A100B73C48 /* Models */,
			);
			path = Quotes;
			sourceTree = "<group>";
		};
		343DB6BA27E518A100B73C48 /* Models */ = {
			isa = PBXGroup;
			children = (
				3466D74A27E903AD0080DF07 /* GlobalQuote.swift */,
				3466D74C27E9091A0080DF07 /* Quote.swift */,
			);
			path = Models;
			sourceTree = "<group>";
		};
		343DB6BB27E518A800B73C48 /* Views */ = {
			isa = PBXGroup;
			children = (
				3466D75727E9942D0080DF07 /* HeaderView.swift */,
				3466D75B27E99B0F0080DF07 /* SearchTextView.swift */,
				3466D75D27E99F300080DF07 /* QuoteCell.swift */,
				3466D75F27E9A69D0080DF07 /* MiniQuoteView.swift */,
			);
			path = Views;
			sourceTree = "<group>";
		};
		343DB6BC27E518BB00B73C48 /* Search */ = {
			isa = PBXGroup;
			children = (
				343DB6BE27E518C800B73C48 /* Views */,
				343DB6BD27E518C100B73C48 /* Models */,
			);
			path = Search;
			sourceTree = "<group>";
		};
		343DB6BD27E518C100B73C48 /* Models */ = {
			isa = PBXGroup;
			children = (
			);
			path = Models;
			sourceTree = "<group>";
		};
		343DB6BE27E518C800B73C48 /* Views */ = {
			isa = PBXGroup;
			children = (
			);
			path = Views;
			sourceTree = "<group>";
		};
		343DB6BF27E518D600B73C48 /* News */ = {
			isa = PBXGroup;
			children = (
				343DB6C127E518E200B73C48 /* Views */,
				343DB6C027E518DC00B73C48 /* Models */,
				3466D76727EAA3CA0080DF07 /* NewsDownloadManager.swift */,
			);
			path = News;
			sourceTree = "<group>";
		};
		343DB6C027E518DC00B73C48 /* Models */ = {
			isa = PBXGroup;
			children = (
				3466D76127EAA0410080DF07 /* NewsResponse.swift */,
				3466D76327EAA0660080DF07 /* News.swift */,
				3466D76527EAA37D0080DF07 /* NewsAPI.swift */,
			);
			path = Models;
			sourceTree = "<group>";
		};
		343DB6C127E518E200B73C48 /* Views */ = {
			isa = PBXGroup;
			children = (
				3466D76927EAA5C10080DF07 /* BottomSheetView.swift */,
				3466D76B27EAD2140080DF07 /* NewsSheetView.swift */,
				3466D76D27EAD9900080DF07 /* NewsHeader.swift */,
				3466D76F27EADA9B0080DF07 /* NewsListView.swift */,
			);
			path = Views;
			sourceTree = "<group>";
		};
		343DB6C227E520D300B73C48 /* Utils */ = {
			isa = PBXGroup;
			children = (
				3466D77427EAE2C50080DF07 /* AsyncImage */,
				343DB6C327E52CBB00B73C48 /* NetworkManager.swift */,
				3466D75927E998C70080DF07 /* CustomTextfield.swift */,
			);
			path = Utils;
			sourceTree = "<group>";
		};
		3466D75027E941950080DF07 /* Managers */ = {
			isa = PBXGroup;
			children = (
				3466D74E27E919290080DF07 /* API.swift */,
				3466D75127E941B60080DF07 /* QuoteManagerProtocol.swift */,
				3466D75327E943B10080DF07 /* MockQuoteManager.swift */,
				3466D75527E9455C0080DF07 /* StockQuoteManager.swift */,
			);
			path = Managers;
			sourceTree = "<group>";
		};
		3466D77427EAE2C50080DF07 /* AsyncImage */ = {
			isa = PBXGroup;
			children = (
				3466D77527EAE2EE0080DF07 /* ImageLoader.swift */,
				3466D77727EAE2FC0080DF07 /* ImageCache.swift */,
				3466D77927EAE30D0080DF07 /* ImageCacheKey.swift */,
				3466D77B27EAE32B0080DF07 /* AsyncImage.swift */,
			);
			path = AsyncImage;
			sourceTree = "<group>";
		};
/* End PBXGroup section */

/* Begin PBXNativeTarget section */
		343DB68A27E517E800B73C48 /* Stocks */ = {
			isa = PBXNativeTarget;
			buildConfigurationList = 343DB6AF27E517E900B73C48 /* Build configuration list for PBXNativeTarget "Stocks" */;
			buildPhases = (
				343DB68727E517E800B73C48 /* Sources */,
				343DB68827E517E800B73C48 /* Frameworks */,
				343DB68927E517E800B73C48 /* Resources */,
			);
			buildRules = (
			);
			dependencies = (
			);
			name = Stocks;
			packageProductDependencies = (
				3466D77227EADF250080DF07 /* BetterSafariView */,
			);
			productName = Stocks;
			productReference = 343DB68B27E517E800B73C48 /* Stocks.app */;
			productType = "com.apple.product-type.application";
		};
		343DB69A27E517E900B73C48 /* StocksTests */ = {
			isa = PBXNativeTarget;
			buildConfigurationList = 343DB6B227E517E900B73C48 /* Build configuration list for PBXNativeTarget "StocksTests" */;
			buildPhases = (
				343DB69727E517E900B73C48 /* Sources */,
				343DB69827E517E900B73C48 /* Frameworks */,
				343DB69927E517E900B73C48 /* Resources */,
			);
			buildRules = (
			);
			dependencies = (
				343DB69D27E517E900B73C48 /* PBXTargetDependency */,
			);
			name = StocksTests;
			productName = StocksTests;
			productReference = 343DB69B27E517E900B73C48 /* StocksTests.xctest */;
			productType = "com.apple.product-type.bundle.unit-test";
		};
		343DB6A427E517E900B73C48 /* StocksUITests */ = {
			isa = PBXNativeTarget;
			buildConfigurationList = 343DB6B527E517E900B73C48 /* Build configuration list for PBXNativeTarget "StocksUITests" */;
			buildPhases = (
				343DB6A127E517E900B73C48 /* Sources */,
				343DB6A227E517E900B73C48 /* Frameworks */,
				343DB6A327E517E900B73C48 /* Resources */,
			);
			buildRules = (
			);
			dependencies = (
				343DB6A727E517E900B73C48 /* PBXTargetDependency */,
			);
			name = StocksUITests;
			productName = StocksUITests;
			productReference = 343DB6A527E517E900B73C48 /* StocksUITests.xctest */;
			productType = "com.apple.product-type.bundle.ui-testing";
		};
/* End PBXNativeTarget section */

/* Begin PBXProject section */
		343DB68327E517E800B73C48 /* Project object */ = {
			isa = PBXProject;
			attributes = {
				BuildIndependentTargetsInParallel = 1;
				LastSwiftUpdateCheck = 1330;
				LastUpgradeCheck = 1330;
				TargetAttributes = {
					343DB68A27E517E800B73C48 = {
						CreatedOnToolsVersion = 13.3;
					};
					343DB69A27E517E900B73C48 = {
						CreatedOnToolsVersion = 13.3;
						TestTargetID = 343DB68A27E517E800B73C48;
					};
					343DB6A427E517E900B73C48 = {
						CreatedOnToolsVersion = 13.3;
						TestTargetID = 343DB68A27E517E800B73C48;
					};
				};
			};
			buildConfigurationList = 343DB68627E517E800B73C48 /* Build configuration list for PBXProject "Stocks" */;
			compatibilityVersion = "Xcode 13.0";
			developmentRegion = en;
			hasScannedForEncodings = 0;
			knownRegions = (
				en,
				Base,
			);
			mainGroup = 343DB68227E517E800B73C48;
			packageReferences = (
				3466D77127EADF250080DF07 /* XCRemoteSwiftPackageReference "BetterSafariView" */,
			);
			productRefGroup = 343DB68C27E517E800B73C48 /* Products */;
			projectDirPath = "";
			projectRoot = "";
			targets = (
				343DB68A27E517E800B73C48 /* Stocks */,
				343DB69A27E517E900B73C48 /* StocksTests */,
				343DB6A427E517E900B73C48 /* StocksUITests */,
			);
		};
/* End PBXProject section */

/* Begin PBXResourcesBuildPhase section */
		343DB68927E517E800B73C48 /* Resources */ = {
			isa = PBXResourcesBuildPhase;
			buildActionMask = 2147483647;
			files = (
				343DB69627E517E900B73C48 /* Preview Assets.xcassets in Resources */,
				343DB69327E517E900B73C48 /* Assets.xcassets in Resources */,
			);
			runOnlyForDeploymentPostprocessing = 0;
		};
		343DB69927E517E900B73C48 /* Resources */ = {
			isa = PBXResourcesBuildPhase;
			buildActionMask = 2147483647;
			files = (
			);
			runOnlyForDeploymentPostprocessing = 0;
		};
		343DB6A327E517E900B73C48 /* Resources */ = {
			isa = PBXResourcesBuildPhase;
			buildActionMask = 2147483647;
			files = (
			);
			runOnlyForDeploymentPostprocessing = 0;
		};
/* End PBXResourcesBuildPhase section */

/* Begin PBXSourcesBuildPhase section */
		343DB68727E517E800B73C48 /* Sources */ = {
			isa = PBXSourcesBuildPhase;
			buildActionMask = 2147483647;
			files = (
				3466D76027E9A69D0080DF07 /* MiniQuoteView.swift in Sources */,
				343DB6C427E52CBB00B73C48 /* NetworkManager.swift in Sources */,
				3466D76E27EAD9900080DF07 /* NewsHeader.swift in Sources */,
				3466D76827EAA3CA0080DF07 /* NewsDownloadManager.swift in Sources */,
				3466D76427EAA0660080DF07 /* News.swift in Sources */,
				3466D77027EADA9B0080DF07 /* NewsListView.swift in Sources */,
				3466D75C27E99B0F0080DF07 /* SearchTextView.swift in Sources */,
				343DB69127E517E800B73C48 /* ContentView.swift in Sources */,
				3466D77A27EAE30D0080DF07 /* ImageCacheKey.swift in Sources */,
				3466D75E27E99F300080DF07 /* QuoteCell.swift in Sources */,
				3466D76C27EAD2140080DF07 /* NewsSheetView.swift in Sources */,
				343DB68F27E517E800B73C48 /* StocksApp.swift in Sources */,
				3466D76627EAA37D0080DF07 /* NewsAPI.swift in Sources */,
				3466D74D27E9091A0080DF07 /* Quote.swift in Sources */,
				3466D76A27EAA5C10080DF07 /* BottomSheetView.swift in Sources */,
				3466D75A27E998C70080DF07 /* CustomTextfield.swift in Sources */,
				3466D77627EAE2EE0080DF07 /* ImageLoader.swift in Sources */,
				3466D75427E943B10080DF07 /* MockQuoteManager.swift in Sources */,
				3466D75827E9942D0080DF07 /* HeaderView.swift in Sources */,
				3466D77827EAE2FC0080DF07 /* ImageCache.swift in Sources */,
				3466D75627E9455C0080DF07 /* StockQuoteManager.swift in Sources */,
				3466D76227EAA0410080DF07 /* NewsResponse.swift in Sources */,
				3466D74F27E919290080DF07 /* API.swift in Sources */,
				3466D74B27E903AD0080DF07 /* GlobalQuote.swift in Sources */,
				3466D77C27EAE32B0080DF07 /* AsyncImage.swift in Sources */,
				3466D75227E941B60080DF07 /* QuoteManagerProtocol.swift in Sources */,
			);
			runOnlyForDeploymentPostprocessing = 0;
		};
		343DB69727E517E900B73C48 /* Sources */ = {
			isa = PBXSourcesBuildPhase;
			buildActionMask = 2147483647;
			files = (
				343DB6A027E517E900B73C48 /* StocksTests.swift in Sources */,
			);
			runOnlyForDeploymentPostprocessing = 0;
		};
		343DB6A127E517E900B73C48 /* Sources */ = {
			isa = PBXSourcesBuildPhase;
			buildActionMask = 2147483647;
			files = (
				343DB6AA27E517E900B73C48 /* StocksUITests.swift in Sources */,
				343DB6AC27E517E900B73C48 /* StocksUITestsLaunchTests.swift in Sources */,
			);
			runOnlyForDeploymentPostprocessing = 0;
		};
/* End PBXSourcesBuildPhase section */

/* Begin PBXTargetDependency section */
		343DB69D27E517E900B73C48 /* PBXTargetDependency */ = {
			isa = PBXTargetDependency;
			target = 343DB68A27E517E800B73C48 /* Stocks */;
			targetProxy = 343DB69C27E517E900B73C48 /* PBXContainerItemProxy */;
		};
		343DB6A727E517E900B73C48 /* PBXTargetDependency */ = {
			isa = PBXTargetDependency;
			target = 343DB68A27E517E800B73C48 /* Stocks */;
			targetProxy = 343DB6A627E517E900B73C48 /* PBXContainerItemProxy */;
		};
/* End PBXTargetDependency section */

/* Begin XCBuildConfiguration section */
		343DB6AD27E517E900B73C48 /* Debug */ = {
			isa = XCBuildConfiguration;
			buildSettings = {
				ALWAYS_SEARCH_USER_PATHS = NO;
				CLANG_ANALYZER_NONNULL = YES;
				CLANG_ANALYZER_NUMBER_OBJECT_CONVERSION = YES_AGGRESSIVE;
				CLANG_CXX_LANGUAGE_STANDARD = "gnu++17";
				CLANG_ENABLE_MODULES = YES;
				CLANG_ENABLE_OBJC_ARC = YES;
				CLANG_ENABLE_OBJC_WEAK = YES;
				CLANG_WARN_BLOCK_CAPTURE_AUTORELEASING = YES;
				CLANG_WARN_BOOL_CONVERSION = YES;
				CLANG_WARN_COMMA = YES;
				CLANG_WARN_CONSTANT_CONVERSION = YES;
				CLANG_WARN_DEPRECATED_OBJC_IMPLEMENTATIONS = YES;
				CLANG_WARN_DIRECT_OBJC_ISA_USAGE = YES_ERROR;
				CLANG_WARN_DOCUMENTATION_COMMENTS = YES;
				CLANG_WARN_EMPTY_BODY = YES;
				CLANG_WARN_ENUM_CONVERSION = YES;
				CLANG_WARN_INFINITE_RECURSION = YES;
				CLANG_WARN_INT_CONVERSION = YES;
				CLANG_WARN_NON_LITERAL_NULL_CONVERSION = YES;
				CLANG_WARN_OBJC_IMPLICIT_RETAIN_SELF = YES;
				CLANG_WARN_OBJC_LITERAL_CONVERSION = YES;
				CLANG_WARN_OBJC_ROOT_CLASS = YES_ERROR;
				CLANG_WARN_QUOTED_INCLUDE_IN_FRAMEWORK_HEADER = YES;
				CLANG_WARN_RANGE_LOOP_ANALYSIS = YES;
				CLANG_WARN_STRICT_PROTOTYPES = YES;
				CLANG_WARN_SUSPICIOUS_MOVE = YES;
				CLANG_WARN_UNGUARDED_AVAILABILITY = YES_AGGRESSIVE;
				CLANG_WARN_UNREACHABLE_CODE = YES;
				CLANG_WARN__DUPLICATE_METHOD_MATCH = YES;
				COPY_PHASE_STRIP = NO;
				DEBUG_INFORMATION_FORMAT = dwarf;
				ENABLE_STRICT_OBJC_MSGSEND = YES;
				ENABLE_TESTABILITY = YES;
				GCC_C_LANGUAGE_STANDARD = gnu11;
				GCC_DYNAMIC_NO_PIC = NO;
				GCC_NO_COMMON_BLOCKS = YES;
				GCC_OPTIMIZATION_LEVEL = 0;
				GCC_PREPROCESSOR_DEFINITIONS = (
					"DEBUG=1",
					"$(inherited)",
				);
				GCC_WARN_64_TO_32_BIT_CONVERSION = YES;
				GCC_WARN_ABOUT_RETURN_TYPE = YES_ERROR;
				GCC_WARN_UNDECLARED_SELECTOR = YES;
				GCC_WARN_UNINITIALIZED_AUTOS = YES_AGGRESSIVE;
				GCC_WARN_UNUSED_FUNCTION = YES;
				GCC_WARN_UNUSED_VARIABLE = YES;
				IPHONEOS_DEPLOYMENT_TARGET = 15.4;
				MTL_ENABLE_DEBUG_INFO = INCLUDE_SOURCE;
				MTL_FAST_MATH = YES;
				ONLY_ACTIVE_ARCH = YES;
				SDKROOT = iphoneos;
				SWIFT_ACTIVE_COMPILATION_CONDITIONS = DEBUG;
				SWIFT_OPTIMIZATION_LEVEL = "-Onone";
			};
			name = Debug;
		};
		343DB6AE27E517E900B73C48 /* Release */ = {
			isa = XCBuildConfiguration;
			buildSettings = {
				ALWAYS_SEARCH_USER_PATHS = NO;
				CLANG_ANALYZER_NONNULL = YES;
				CLANG_ANALYZER_NUMBER_OBJECT_CONVERSION = YES_AGGRESSIVE;
				CLANG_CXX_LANGUAGE_STANDARD = "gnu++17";
				CLANG_ENABLE_MODULES = YES;
				CLANG_ENABLE_OBJC_ARC = YES;
				CLANG_ENABLE_OBJC_WEAK = YES;
				CLANG_WARN_BLOCK_CAPTURE_AUTORELEASING = YES;
				CLANG_WARN_BOOL_CONVERSION = YES;
				CLANG_WARN_COMMA = YES;
				CLANG_WARN_CONSTANT_CONVERSION = YES;
				CLANG_WARN_DEPRECATED_OBJC_IMPLEMENTATIONS = YES;
				CLANG_WARN_DIRECT_OBJC_ISA_USAGE = YES_ERROR;
				CLANG_WARN_DOCUMENTATION_COMMENTS = YES;
				CLANG_WARN_EMPTY_BODY = YES;
				CLANG_WARN_ENUM_CONVERSION = YES;
				CLANG_WARN_INFINITE_RECURSION = YES;
				CLANG_WARN_INT_CONVERSION = YES;
				CLANG_WARN_NON_LITERAL_NULL_CONVERSION = YES;
				CLANG_WARN_OBJC_IMPLICIT_RETAIN_SELF = YES;
				CLANG_WARN_OBJC_LITERAL_CONVERSION = YES;
				CLANG_WARN_OBJC_ROOT_CLASS = YES_ERROR;
				CLANG_WARN_QUOTED_INCLUDE_IN_FRAMEWORK_HEADER = YES;
				CLANG_WARN_RANGE_LOOP_ANALYSIS = YES;
				CLANG_WARN_STRICT_PROTOTYPES = YES;
				CLANG_WARN_SUSPICIOUS_MOVE = YES;
				CLANG_WARN_UNGUARDED_AVAILABILITY = YES_AGGRESSIVE;
				CLANG_WARN_UNREACHABLE_CODE = YES;
				CLANG_WARN__DUPLICATE_METHOD_MATCH = YES;
				COPY_PHASE_STRIP = NO;
				DEBUG_INFORMATION_FORMAT = "dwarf-with-dsym";
				ENABLE_NS_ASSERTIONS = NO;
				ENABLE_STRICT_OBJC_MSGSEND = YES;
				GCC_C_LANGUAGE_STANDARD = gnu11;
				GCC_NO_COMMON_BLOCKS = YES;
				GCC_WARN_64_TO_32_BIT_CONVERSION = YES;
				GCC_WARN_ABOUT_RETURN_TYPE = YES_ERROR;
				GCC_WARN_UNDECLARED_SELECTOR = YES;
				GCC_WARN_UNINITIALIZED_AUTOS = YES_AGGRESSIVE;
				GCC_WARN_UNUSED_FUNCTION = YES;
				GCC_WARN_UNUSED_VARIABLE = YES;
				IPHONEOS_DEPLOYMENT_TARGET = 15.4;
				MTL_ENABLE_DEBUG_INFO = NO;
				MTL_FAST_MATH = YES;
				SDKROOT = iphoneos;
				SWIFT_COMPILATION_MODE = wholemodule;
				SWIFT_OPTIMIZATION_LEVEL = "-O";
				VALIDATE_PRODUCT = YES;
			};
			name = Release;
		};
		343DB6B027E517E900B73C48 /* Debug */ = {
			isa = XCBuildConfiguration;
			buildSettings = {
				ASSETCATALOG_COMPILER_APPICON_NAME = AppIcon;
				ASSETCATALOG_COMPILER_GLOBAL_ACCENT_COLOR_NAME = AccentColor;
				CODE_SIGN_STYLE = Automatic;
				CURRENT_PROJECT_VERSION = 1;
				DEVELOPMENT_ASSET_PATHS = "\"Stocks/Preview Content\"";
				DEVELOPMENT_TEAM = 7G6A88N2VE;
				ENABLE_PREVIEWS = YES;
				GENERATE_INFOPLIST_FILE = YES;
				INFOPLIST_KEY_UIApplicationSceneManifest_Generation = YES;
				INFOPLIST_KEY_UIApplicationSupportsIndirectInputEvents = YES;
				INFOPLIST_KEY_UILaunchScreen_Generation = YES;
				INFOPLIST_KEY_UISupportedInterfaceOrientations_iPad = "UIInterfaceOrientationPortrait UIInterfaceOrientationPortraitUpsideDown UIInterfaceOrientationLandscapeLeft UIInterfaceOrientationLandscapeRight";
				INFOPLIST_KEY_UISupportedInterfaceOrientations_iPhone = "UIInterfaceOrientationPortrait UIInterfaceOrientationLandscapeLeft UIInterfaceOrientationLandscapeRight";
				LD_RUNPATH_SEARCH_PATHS = (
					"$(inherited)",
					"@executable_path/Frameworks",
				);
				MARKETING_VERSION = 1.0;
				PRODUCT_BUNDLE_IDENTIFIER = com.practise.Stocks;
				PRODUCT_NAME = "$(TARGET_NAME)";
				SWIFT_EMIT_LOC_STRINGS = YES;
				SWIFT_VERSION = 5.0;
				TARGETED_DEVICE_FAMILY = "1,2";
			};
			name = Debug;
		};
		343DB6B127E517E900B73C48 /* Release */ = {
			isa = XCBuildConfiguration;
			buildSettings = {
				ASSETCATALOG_COMPILER_APPICON_NAME = AppIcon;
				ASSETCATALOG_COMPILER_GLOBAL_ACCENT_COLOR_NAME = AccentColor;
				CODE_SIGN_STYLE = Automatic;
				CURRENT_PROJECT_VERSION = 1;
				DEVELOPMENT_ASSET_PATHS = "\"Stocks/Preview Content\"";
				DEVELOPMENT_TEAM = 7G6A88N2VE;
				ENABLE_PREVIEWS = YES;
				GENERATE_INFOPLIST_FILE = YES;
				INFOPLIST_KEY_UIApplicationSceneManifest_Generation = YES;
				INFOPLIST_KEY_UIApplicationSupportsIndirectInputEvents = YES;
				INFOPLIST_KEY_UILaunchScreen_Generation = YES;
				INFOPLIST_KEY_UISupportedInterfaceOrientations_iPad = "UIInterfaceOrientationPortrait UIInterfaceOrientationPortraitUpsideDown UIInterfaceOrientationLandscapeLeft UIInterfaceOrientationLandscapeRight";
				INFOPLIST_KEY_UISupportedInterfaceOrientations_iPhone = "UIInterfaceOrientationPortrait UIInterfaceOrientationLandscapeLeft UIInterfaceOrientationLandscapeRight";
				LD_RUNPATH_SEARCH_PATHS = (
					"$(inherited)",
					"@executable_path/Frameworks",
				);
				MARKETING_VERSION = 1.0;
				PRODUCT_BUNDLE_IDENTIFIER = com.practise.Stocks;
				PRODUCT_NAME = "$(TARGET_NAME)";
				SWIFT_EMIT_LOC_STRINGS = YES;
				SWIFT_VERSION = 5.0;
				TARGETED_DEVICE_FAMILY = "1,2";
			};
			name = Release;
		};
		343DB6B327E517E900B73C48 /* Debug */ = {
			isa = XCBuildConfiguration;
			buildSettings = {
				ALWAYS_EMBED_SWIFT_STANDARD_LIBRARIES = YES;
				BUNDLE_LOADER = "$(TEST_HOST)";
				CODE_SIGN_STYLE = Automatic;
				CURRENT_PROJECT_VERSION = 1;
				DEVELOPMENT_TEAM = 7G6A88N2VE;
				GENERATE_INFOPLIST_FILE = YES;
				IPHONEOS_DEPLOYMENT_TARGET = 15.4;
				MARKETING_VERSION = 1.0;
				PRODUCT_BUNDLE_IDENTIFIER = com.practise.StocksTests;
				PRODUCT_NAME = "$(TARGET_NAME)";
				SWIFT_EMIT_LOC_STRINGS = NO;
				SWIFT_VERSION = 5.0;
				TARGETED_DEVICE_FAMILY = "1,2";
				TEST_HOST = "$(BUILT_PRODUCTS_DIR)/Stocks.app/Stocks";
			};
			name = Debug;
		};
		343DB6B427E517E900B73C48 /* Release */ = {
			isa = XCBuildConfiguration;
			buildSettings = {
				ALWAYS_EMBED_SWIFT_STANDARD_LIBRARIES = YES;
				BUNDLE_LOADER = "$(TEST_HOST)";
				CODE_SIGN_STYLE = Automatic;
				CURRENT_PROJECT_VERSION = 1;
				DEVELOPMENT_TEAM = 7G6A88N2VE;
				GENERATE_INFOPLIST_FILE = YES;
				IPHONEOS_DEPLOYMENT_TARGET = 15.4;
				MARKETING_VERSION = 1.0;
				PRODUCT_BUNDLE_IDENTIFIER = com.practise.StocksTests;
				PRODUCT_NAME = "$(TARGET_NAME)";
				SWIFT_EMIT_LOC_STRINGS = NO;
				SWIFT_VERSION = 5.0;
				TARGETED_DEVICE_FAMILY = "1,2";
				TEST_HOST = "$(BUILT_PRODUCTS_DIR)/Stocks.app/Stocks";
			};
			name = Release;
		};
		343DB6B627E517E900B73C48 /* Debug */ = {
			isa = XCBuildConfiguration;
			buildSettings = {
				ALWAYS_EMBED_SWIFT_STANDARD_LIBRARIES = YES;
				CODE_SIGN_STYLE = Automatic;
				CURRENT_PROJECT_VERSION = 1;
				DEVELOPMENT_TEAM = 7G6A88N2VE;
				GENERATE_INFOPLIST_FILE = YES;
				MARKETING_VERSION = 1.0;
				PRODUCT_BUNDLE_IDENTIFIER = com.practise.StocksUITests;
				PRODUCT_NAME = "$(TARGET_NAME)";
				SWIFT_EMIT_LOC_STRINGS = NO;
				SWIFT_VERSION = 5.0;
				TARGETED_DEVICE_FAMILY = "1,2";
				TEST_TARGET_NAME = Stocks;
			};
			name = Debug;
		};
		343DB6B727E517E900B73C48 /* Release */ = {
			isa = XCBuildConfiguration;
			buildSettings = {
				ALWAYS_EMBED_SWIFT_STANDARD_LIBRARIES = YES;
				CODE_SIGN_STYLE = Automatic;
				CURRENT_PROJECT_VERSION = 1;
				DEVELOPMENT_TEAM = 7G6A88N2VE;
				GENERATE_INFOPLIST_FILE = YES;
				MARKETING_VERSION = 1.0;
				PRODUCT_BUNDLE_IDENTIFIER = com.practise.StocksUITests;
				PRODUCT_NAME = "$(TARGET_NAME)";
				SWIFT_EMIT_LOC_STRINGS = NO;
				SWIFT_VERSION = 5.0;
				TARGETED_DEVICE_FAMILY = "1,2";
				TEST_TARGET_NAME = Stocks;
			};
			name = Release;
		};
/* End XCBuildConfiguration section */

/* Begin XCConfigurationList section */
		343DB68627E517E800B73C48 /* Build configuration list for PBXProject "Stocks" */ = {
			isa = XCConfigurationList;
			buildConfigurations = (
				343DB6AD27E517E900B73C48 /* Debug */,
				343DB6AE27E517E900B73C48 /* Release */,
			);
			defaultConfigurationIsVisible = 0;
			defaultConfigurationName = Release;
		};
		343DB6AF27E517E900B73C48 /* Build configuration list for PBXNativeTarget "Stocks" */ = {
			isa = XCConfigurationList;
			buildConfigurations = (
				343DB6B027E517E900B73C48 /* Debug */,
				343DB6B127E517E900B73C48 /* Release */,
			);
			defaultConfigurationIsVisible = 0;
			defaultConfigurationName = Release;
		};
		343DB6B227E517E900B73C48 /* Build configuration list for PBXNativeTarget "StocksTests" */ = {
			isa = XCConfigurationList;
			buildConfigurations = (
				343DB6B327E517E900B73C48 /* Debug */,
				343DB6B427E517E900B73C48 /* Release */,
			);
			defaultConfigurationIsVisible = 0;
			defaultConfigurationName = Release;
		};
		343DB6B527E517E900B73C48 /* Build configuration list for PBXNativeTarget "StocksUITests" */ = {
			isa = XCConfigurationList;
			buildConfigurations = (
				343DB6B627E517E900B73C48 /* Debug */,
				343DB6B727E517E900B73C48 /* Release */,
			);
			defaultConfigurationIsVisible = 0;
			defaultConfigurationName = Release;
		};
/* End XCConfigurationList section */

/* Begin XCRemoteSwiftPackageReference section */
		3466D77127EADF250080DF07 /* XCRemoteSwiftPackageReference "BetterSafariView" */ = {
			isa = XCRemoteSwiftPackageReference;
			repositoryURL = "https://github.com/stleamist/BetterSafariView.git";
			requirement = {
				branch = main;
				kind = branch;
			};
		};
/* End XCRemoteSwiftPackageReference section */

/* Begin XCSwiftPackageProductDependency section */
		3466D77227EADF250080DF07 /* BetterSafariView */ = {
			isa = XCSwiftPackageProductDependency;
			package = 3466D77127EADF250080DF07 /* XCRemoteSwiftPackageReference "BetterSafariView" */;
			productName = BetterSafariView;
		};
/* End XCSwiftPackageProductDependency section */
	};
	rootObject = 343DB68327E517E800B73C48 /* Project object */;
}
