// !$*UTF8*$!
{
	archiveVersion = 1;
	classes = {
	};
	objectVersion = 55;
	objects = {

/* Begin PBXBuildFile section */
		343DB68F27E517E800B73C48 /* StocksApp.swift in Sources */ = {isa = PBXBuildFile; fileRef = 343DB68E27E517E800B73C48 /* StocksApp.swift */; };
		343DB69127E517E800B73C48 /* ContentView.swift in Sources */ = {isa = PBXBuildFile; fileRef = 343DB69027E517E800B73C48 /* ContentView.swift */; };
		343DB69327E517E900B73C48 /* Assets.xcassets in Resources */ = {isa = PBXBuildFile; fileRef = 343DB69227E517E900B73C48 /* Assets.xcassets */; };
		343DB69627E517E900B73C48 /* Preview Assets.xcassets in Resources */ = {isa = PBXBuildFile; fileRef = 343DB69527E517E900B73C48 /* Preview Assets.xcassets */; };
		343DB6A027E517E900B73C48 /* StocksTests.swift in Sources */ = {isa = PBXBuildFile; fileRef = 343DB69F27E517E900B73C48 /* StocksTests.swift */; };
		343DB6AA27E517E900B73C48 /* StocksUITests.swift in Sources */ = {isa = PBXBuildFile; fileRef = 343DB6A927E517E900B73C48 /* StocksUITests.swift */; };
		343DB6AC27E517E900B73C48 /* StocksUITestsLaunchTests.swift in Sources */ = {isa = PBXBuildFile; fileRef = 343DB6AB27E517E900B73C48 /* StocksUITestsLaunchTests.swift */; };
/* End PBXBuildFile section */

/* Begin PBXContainerItemProxy section */
		343DB69C27E517E900B73C48 /* PBXContainerItemProxy */ = {
			isa = PBXContainerItemProxy;
			containerPortal = 343DB68327E517E800B73C48 /* Project object */;
			proxyType = 1;
			remoteGlobalIDString = 343DB68A27E517E800B73C48;
			remoteInfo = Stocks;
		};
		343DB6A627E517E900B73C48 /* PBXContainerItemProxy */ = {
			isa = PBXContainerItemProxy;
			containerPortal = 343DB68327E517E800B73C48 /* Project object */;
			proxyType = 1;
			remoteGlobalIDString = 343DB68A27E517E800B73C48;
			remoteInfo = Stocks;
		};
/* End PBXContainerItemProxy section */

/* Begin PBXFileReference section */
		343DB68B27E517E800B73C48 /* Stocks.app */ = {isa = PBXFileReference; explicitFileType = wrapper.application; includeInIndex = 0; path = Stocks.app; sourceTree = BUILT_PRODUCTS_DIR; };
		343DB68E27E517E800B73C48 /* StocksApp.swift */ = {isa = PBXFileReference; lastKnownFileType = sourcecode.swift; path = StocksApp.swift; sourceTree = "<group>"; };
		343DB69027E517E800B73C48 /* ContentView.swift */ = {isa = PBXFileReference; lastKnownFileType = sourcecode.swift; path = ContentView.swift; sourceTree = "<group>"; };
		343DB69227E517E900B73C48 /* Assets.xcassets */ = {isa = PBXFileReference; lastKnownFileType = folder.assetcatalog; path = Assets.xcassets; sourceTree = "<group>"; };
		343DB69527E517E900B73C48 /* Preview Assets.xcassets */ = {isa = PBXFileReference; lastKnownFileType = folder.assetcatalog; path = "Preview Assets.xcassets"; sourceTree = "<group>"; };
		343DB69B27E517E900B73C48 /* StocksTests.xctest */ = {isa = PBXFileReference; explicitFileType = wrapper.cfbundle; includeInIndex = 0; path = StocksTests.xctest; sourceTree = BUILT_PRODUCTS_DIR; };
		343DB69F27E517E900B73C48 /* StocksTests.swift */ = {isa = PBXFileReference; lastKnownFileType = sourcecode.swift; path = StocksTests.swift; sourceTree = "<group>"; };
		343DB6A527E517E900B73C48 /* StocksUITests.xctest */ = {isa = PBXFileReference; explicitFileType = wrapper.cfbundle; includeInIndex = 0; path = StocksUITests.xctest; sourceTree = BUILT_PRODUCTS_DIR; };
		343DB6A927E517E900B73C48 /* StocksUITests.swift */ = {isa = PBXFileReference; lastKnownFileType = sourcecode.swift; path = StocksUITests.swift; sourceTree = "<group>"; };
		343DB6AB27E517E900B73C48 /* StocksUITestsLaunchTests.swift */ = {isa = PBXFileReference; lastKnownFileType = sourcecode.swift; path = StocksUITestsLaunchTests.swift; sourceTree = "<group>"; };
/* End PBXFileReference section */

/* Begin PBXFrameworksBuildPhase section */
		343DB68827E517E800B73C48 /* Frameworks */ = {
			isa = PBXFrameworksBuildPhase;
			buildActionMask = 2147483647;
			files = (
			);
			runOnlyForDeploymentPostprocessing = 0;
		};
		343DB69827E517E900B73C48 /* Frameworks */ = {
			isa = PBXFrameworksBuildPhase;
			buildActionMask = 2147483647;
			files = (
			);
			runOnlyForDeploymentPostprocessing = 0;
		};
		343DB6A227E517E900B73C48 /* Frameworks */ = {
			isa = PBXFrameworksBuildPhase;
			buildActionMask = 2147483647;
			files = (
			);
			runOnlyForDeploymentPostprocessing = 0;
		};
/* End PBXFrameworksBuildPhase section */

/* Begin PBXGroup section */
		343DB68227E517E800B73C48 = {
			isa = PBXGroup;
			children = (
				343DB68D27E517E800B73C48 /* Stocks */,
				343DB69E27E517E900B73C48 /* StocksTests */,
				343DB6A827E517E900B73C48 /* StocksUITests */,
				343DB68C27E517E800B73C48 /* Products */,
			);
			sourceTree = "<group>";
		};
		343DB68C27E517E800B73C48 /* Products */ = {
			isa = PBXGroup;
			children = (
				343DB68B27E517E800B73C48 /* Stocks.app */,
				343DB69B27E517E900B73C48 /* StocksTests.xctest */,
				343DB6A527E517E900B73C48 /* StocksUITests.xctest */,
			);
			name = Products;
			sourceTree = "<group>";
		};
		343DB68D27E517E800B73C48 /* Stocks */ = {
			isa = PBXGroup;
			children = (
				343DB6C227E520D300B73C48 /* Utils */,
				343DB6B827E5184300B73C48 /* Features */,
				343DB68E27E517E800B73C48 /* StocksApp.swift */,
				343DB69027E517E800B73C48 /* ContentView.swift */,
				343DB69227E517E900B73C48 /* Assets.xcassets */,
				343DB69427E517E900B73C48 /* Preview Content */,
			);
			path = Stocks;
			sourceTree = "<group>";
		};
		343DB69427E517E900B73C48 /* Preview Content */ = {
			isa = PBXGroup;
			children = (
				343DB69527E517E900B73C48 /* Preview Assets.xcassets */,
			);
			path = "Preview Content";
			sourceTree = "<group>";
		};
		343DB69E27E517E900B73C48 /* StocksTests */ = {
			isa = PBXGroup;
			children = (
				343DB69F27E517E900B73C48 /* StocksTests.swift */,
			);
			path = StocksTests;
			sourceTree = "<group>";
		};
		343DB6A827E517E900B73C48 /* StocksUITests */ = {
			isa = PBXGroup;
			children = (
				343DB6A927E517E900B73C48 /* StocksUITests.swift */,
				343DB6AB27E517E900B73C48 /* StocksUITestsLaunchTests.swift */,
			);
			path = StocksUITests;
			sourceTree = "<group>";
		};
		343DB6B827E5184300B73C48 /* Features */ = {
			isa = PBXGroup;
			children = (
				343DB6BF27E518D600B73C48 /* News */,
				343DB6BC27E518BB00B73C48 /* Search */,
				343DB6B927E5184C00B73C48 /* Quotes */,
			);
			path = Features;
			sourceTree = "<group>";
		};
		343DB6B927E5184C00B73C48 /* Quotes */ = {
			isa = PBXGroup;
			children = (
				343DB6BB27E518A800B73C48 /* Views */,
				343DB6BA27E518A100B73C48 /* Models */,
			);
			path = Quotes;
			sourceTree = "<group>";
		};
		343DB6BA27E518A100B73C48 /* Models */ = {
			isa = PBXGroup;
			children = (
			);
			path = Models;
			sourceTree = "<group>";
		};
		343DB6BB27E518A800B73C48 /* Views */ = {
			isa = PBXGroup;
			children = (
			);
			path = Views;
			sourceTree = "<group>";
		};
		343DB6BC27E518BB00B73C48 /* Search */ = {
			isa = PBXGroup;
			children = (
				343DB6BE27E518C800B73C48 /* Views */,
				343DB6BD27E518C100B73C48 /* Models */,
			);
			path = Search;
			sourceTree = "<group>";
		};
		343DB6BD27E518C100B73C48 /* Models */ = {
			isa = PBXGroup;
			children = (
			);
			path = Models;
			sourceTree = "<group>";
		};
		343DB6BE27E518C800B73C48 /* Views */ = {
			isa = PBXGroup;
			children = (
			);
			path = Views;
			sourceTree = "<group>";
		};
		343DB6BF27E518D600B73C48 /* News */ = {
			isa = PBXGroup;
			children = (
				343DB6C127E518E200B73C48 /* Views */,
				343DB6C027E518DC00B73C48 /* Models */,
			);
			path = News;
			sourceTree = "<group>";
		};
		343DB6C027E518DC00B73C48 /* Models */ = {
			isa = PBXGroup;
			children = (
			);
			path = Models;
			sourceTree = "<group>";
		};
		343DB6C127E518E200B73C48 /* Views */ = {
			isa = PBXGroup;
			children = (
			);
			path = Views;
			sourceTree = "<group>";
		};
		343DB6C227E520D300B73C48 /* Utils */ = {
			isa = PBXGroup;
			children = (
			);
			path = Utils;
			sourceTree = "<group>";
		};
/* End PBXGroup section */

/* Begin PBXNativeTarget section */
		343DB68A27E517E800B73C48 /* Stocks */ = {
			isa = PBXNativeTarget;
			buildConfigurationList = 343DB6AF27E517E900B73C48 /* Build configuration list for PBXNativeTarget "Stocks" */;
			buildPhases = (
				343DB68727E517E800B73C48 /* Sources */,
				343DB68827E517E800B73C48 /* Frameworks */,
				343DB68927E517E800B73C48 /* Resources */,
			);
			buildRules = (
			);
			dependencies = (
			);
			name = Stocks;
			productName = Stocks;
			productReference = 343DB68B27E517E800B73C48 /* Stocks.app */;
			productType = "com.apple.product-type.application";
		};
		343DB69A27E517E900B73C48 /* StocksTests */ = {
			isa = PBXNativeTarget;
			buildConfigurationList = 343DB6B227E517E900B73C48 /* Build configuration list for PBXNativeTarget "StocksTests" */;
			buildPhases = (
				343DB69727E517E900B73C48 /* Sources */,
				343DB69827E517E900B73C48 /* Frameworks */,
				343DB69927E517E900B73C48 /* Resources */,
			);
			buildRules = (
			);
			dependencies = (
				343DB69D27E517E900B73C48 /* PBXTargetDependency */,
			);
			name = StocksTests;
			productName = StocksTests;
			productReference = 343DB69B27E517E900B73C48 /* StocksTests.xctest */;
			productType = "com.apple.product-type.bundle.unit-test";
		};
		343DB6A427E517E900B73C48 /* StocksUITests */ = {
			isa = PBXNativeTarget;
			buildConfigurationList = 343DB6B527E517E900B73C48 /* Build configuration list for PBXNativeTarget "StocksUITests" */;
			buildPhases = (
				343DB6A127E517E900B73C48 /* Sources */,
				343DB6A227E517E900B73C48 /* Frameworks */,
				343DB6A327E517E900B73C48 /* Resources */,
			);
			buildRules = (
			);
			dependencies = (
				343DB6A727E517E900B73C48 /* PBXTargetDependency */,
			);
			name = StocksUITests;
			productName = StocksUITests;
			productReference = 343DB6A527E517E900B73C48 /* StocksUITests.xctest */;
			productType = "com.apple.product-type.bundle.ui-testing";
		};
/* End PBXNativeTarget section */

/* Begin PBXProject section */
		343DB68327E517E800B73C48 /* Project object */ = {
			isa = PBXProject;
			attributes = {
				BuildIndependentTargetsInParallel = 1;
				LastSwiftUpdateCheck = 1330;
				LastUpgradeCheck = 1330;
				TargetAttributes = {
					343DB68A27E517E800B73C48 = {
						CreatedOnToolsVersion = 13.3;
					};
					343DB69A27E517E900B73C48 = {
						CreatedOnToolsVersion = 13.3;
						TestTargetID = 343DB68A27E517E800B73C48;
					};
					343DB6A427E517E900B73C48 = {
						CreatedOnToolsVersion = 13.3;
						TestTargetID = 343DB68A27E517E800B73C48;
					};
				};
			};
			buildConfigurationList = 343DB68627E517E800B73C48 /* Build configuration list for PBXProject "Stocks" */;
			compatibilityVersion = "Xcode 13.0";
			developmentRegion = en;
			hasScannedForEncodings = 0;
			knownRegions = (
				en,
				Base,
			);
			mainGroup = 343DB68227E517E800B73C48;
			productRefGroup = 343DB68C27E517E800B73C48 /* Products */;
			projectDirPath = "";
			projectRoot = "";
			targets = (
				343DB68A27E517E800B73C48 /* Stocks */,
				343DB69A27E517E900B73C48 /* StocksTests */,
				343DB6A427E517E900B73C48 /* StocksUITests */,
			);
		};
/* End PBXProject section */

/* Begin PBXResourcesBuildPhase section */
		343DB68927E517E800B73C48 /* Resources */ = {
			isa = PBXResourcesBuildPhase;
			buildActionMask = 2147483647;
			files = (
				343DB69627E517E900B73C48 /* Preview Assets.xcassets in Resources */,
				343DB69327E517E900B73C48 /* Assets.xcassets in Resources */,
			);
			runOnlyForDeploymentPostprocessing = 0;
		};
		343DB69927E517E900B73C48 /* Resources */ = {
			isa = PBXResourcesBuildPhase;
			buildActionMask = 2147483647;
			files = (
			);
			runOnlyForDeploymentPostprocessing = 0;
		};
		343DB6A327E517E900B73C48 /* Resources */ = {
			isa = PBXResourcesBuildPhase;
			buildActionMask = 2147483647;
			files = (
			);
			runOnlyForDeploymentPostprocessing = 0;
		};
/* End PBXResourcesBuildPhase section */

/* Begin PBXSourcesBuildPhase section */
		343DB68727E517E800B73C48 /* Sources */ = {
			isa = PBXSourcesBuildPhase;
			buildActionMask = 2147483647;
			files = (
				343DB69127E517E800B73C48 /* ContentView.swift in Sources */,
				343DB68F27E517E800B73C48 /* StocksApp.swift in Sources */,
			);
			runOnlyForDeploymentPostprocessing = 0;
		};
		343DB69727E517E900B73C48 /* Sources */ = {
			isa = PBXSourcesBuildPhase;
			buildActionMask = 2147483647;
			files = (
				343DB6A027E517E900B73C48 /* StocksTests.swift in Sources */,
			);
			runOnlyForDeploymentPostprocessing = 0;
		};
		343DB6A127E517E900B73C48 /* Sources */ = {
			isa = PBXSourcesBuildPhase;
			buildActionMask = 2147483647;
			files = (
				343DB6AA27E517E900B73C48 /* StocksUITests.swift in Sources */,
				343DB6AC27E517E900B73C48 /* StocksUITestsLaunchTests.swift in Sources */,
			);
			runOnlyForDeploymentPostprocessing = 0;
		};
/* End PBXSourcesBuildPhase section */

/* Begin PBXTargetDependency section */
		343DB69D27E517E900B73C48 /* PBXTargetDependency */ = {
			isa = PBXTargetDependency;
			target = 343DB68A27E517E800B73C48 /* Stocks */;
			targetProxy = 343DB69C27E517E900B73C48 /* PBXContainerItemProxy */;
		};
		343DB6A727E517E900B73C48 /* PBXTargetDependency */ = {
			isa = PBXTargetDependency;
			target = 343DB68A27E517E800B73C48 /* Stocks */;
			targetProxy = 343DB6A627E517E900B73C48 /* PBXContainerItemProxy */;
		};
/* End PBXTargetDependency section */

/* Begin XCBuildConfiguration section */
		343DB6AD27E517E900B73C48 /* Debug */ = {
			isa = XCBuildConfiguration;
			buildSettings = {
				ALWAYS_SEARCH_USER_PATHS = NO;
				CLANG_ANALYZER_NONNULL = YES;
				CLANG_ANALYZER_NUMBER_OBJECT_CONVERSION = YES_AGGRESSIVE;
				CLANG_CXX_LANGUAGE_STANDARD = "gnu++17";
				CLANG_ENABLE_MODULES = YES;
				CLANG_ENABLE_OBJC_ARC = YES;
				CLANG_ENABLE_OBJC_WEAK = YES;
				CLANG_WARN_BLOCK_CAPTURE_AUTORELEASING = YES;
				CLANG_WARN_BOOL_CONVERSION = YES;
				CLANG_WARN_COMMA = YES;
				CLANG_WARN_CONSTANT_CONVERSION = YES;
				CLANG_WARN_DEPRECATED_OBJC_IMPLEMENTATIONS = YES;
				CLANG_WARN_DIRECT_OBJC_ISA_USAGE = YES_ERROR;
				CLANG_WARN_DOCUMENTATION_COMMENTS = YES;
				CLANG_WARN_EMPTY_BODY = YES;
				CLANG_WARN_ENUM_CONVERSION = YES;
				CLANG_WARN_INFINITE_RECURSION = YES;
				CLANG_WARN_INT_CONVERSION = YES;
				CLANG_WARN_NON_LITERAL_NULL_CONVERSION = YES;
				CLANG_WARN_OBJC_IMPLICIT_RETAIN_SELF = YES;
				CLANG_WARN_OBJC_LITERAL_CONVERSION = YES;
				CLANG_WARN_OBJC_ROOT_CLASS = YES_ERROR;
				CLANG_WARN_QUOTED_INCLUDE_IN_FRAMEWORK_HEADER = YES;
				CLANG_WARN_RANGE_LOOP_ANALYSIS = YES;
				CLANG_WARN_STRICT_PROTOTYPES = YES;
				CLANG_WARN_SUSPICIOUS_MOVE = YES;
				CLANG_WARN_UNGUARDED_AVAILABILITY = YES_AGGRESSIVE;
				CLANG_WARN_UNREACHABLE_CODE = YES;
				CLANG_WARN__DUPLICATE_METHOD_MATCH = YES;
				COPY_PHASE_STRIP = NO;
				DEBUG_INFORMATION_FORMAT = dwarf;
				ENABLE_STRICT_OBJC_MSGSEND = YES;
				ENABLE_TESTABILITY = YES;
				GCC_C_LANGUAGE_STANDARD = gnu11;
				GCC_DYNAMIC_NO_PIC = NO;
				GCC_NO_COMMON_BLOCKS = YES;
				GCC_OPTIMIZATION_LEVEL = 0;
				GCC_PREPROCESSOR_DEFINITIONS = (
					"DEBUG=1",
					"$(inherited)",
				);
				GCC_WARN_64_TO_32_BIT_CONVERSION = YES;
				GCC_WARN_ABOUT_RETURN_TYPE = YES_ERROR;
				GCC_WARN_UNDECLARED_SELECTOR = YES;
				GCC_WARN_UNINITIALIZED_AUTOS = YES_AGGRESSIVE;
				GCC_WARN_UNUSED_FUNCTION = YES;
				GCC_WARN_UNUSED_VARIABLE = YES;
				IPHONEOS_DEPLOYMENT_TARGET = 15.4;
				MTL_ENABLE_DEBUG_INFO = INCLUDE_SOURCE;
				MTL_FAST_MATH = YES;
				ONLY_ACTIVE_ARCH = YES;
				SDKROOT = iphoneos;
				SWIFT_ACTIVE_COMPILATION_CONDITIONS = DEBUG;
				SWIFT_OPTIMIZATION_LEVEL = "-Onone";
			};
			name = Debug;
		};
		343DB6AE27E517E900B73C48 /* Release */ = {
			isa = XCBuildConfiguration;
			buildSettings = {
				ALWAYS_SEARCH_USER_PATHS = NO;
				CLANG_ANALYZER_NONNULL = YES;
				CLANG_ANALYZER_NUMBER_OBJECT_CONVERSION = YES_AGGRESSIVE;
				CLANG_CXX_LANGUAGE_STANDARD = "gnu++17";
				CLANG_ENABLE_MODULES = YES;
				CLANG_ENABLE_OBJC_ARC = YES;
				CLANG_ENABLE_OBJC_WEAK = YES;
				CLANG_WARN_BLOCK_CAPTURE_AUTORELEASING = YES;
				CLANG_WARN_BOOL_CONVERSION = YES;
				CLANG_WARN_COMMA = YES;
				CLANG_WARN_CONSTANT_CONVERSION = YES;
				CLANG_WARN_DEPRECATED_OBJC_IMPLEMENTATIONS = YES;
				CLANG_WARN_DIRECT_OBJC_ISA_USAGE = YES_ERROR;
				CLANG_WARN_DOCUMENTATION_COMMENTS = YES;
				CLANG_WARN_EMPTY_BODY = YES;
				CLANG_WARN_ENUM_CONVERSION = YES;
				CLANG_WARN_INFINITE_RECURSION = YES;
				CLANG_WARN_INT_CONVERSION = YES;
				CLANG_WARN_NON_LITERAL_NULL_CONVERSION = YES;
				CLANG_WARN_OBJC_IMPLICIT_RETAIN_SELF = YES;
				CLANG_WARN_OBJC_LITERAL_CONVERSION = YES;
				CLANG_WARN_OBJC_ROOT_CLASS = YES_ERROR;
				CLANG_WARN_QUOTED_INCLUDE_IN_FRAMEWORK_HEADER = YES;
				CLANG_WARN_RANGE_LOOP_ANALYSIS = YES;
				CLANG_WARN_STRICT_PROTOTYPES = YES;
				CLANG_WARN_SUSPICIOUS_MOVE = YES;
				CLANG_WARN_UNGUARDED_AVAILABILITY = YES_AGGRESSIVE;
				CLANG_WARN_UNREACHABLE_CODE = YES;
				CLANG_WARN__DUPLICATE_METHOD_MATCH = YES;
				COPY_PHASE_STRIP = NO;
				DEBUG_INFORMATION_FORMAT = "dwarf-with-dsym";
				ENABLE_NS_ASSERTIONS = NO;
				ENABLE_STRICT_OBJC_MSGSEND = YES;
				GCC_C_LANGUAGE_STANDARD = gnu11;
				GCC_NO_COMMON_BLOCKS = YES;
				GCC_WARN_64_TO_32_BIT_CONVERSION = YES;
				GCC_WARN_ABOUT_RETURN_TYPE = YES_ERROR;
				GCC_WARN_UNDECLARED_SELECTOR = YES;
				GCC_WARN_UNINITIALIZED_AUTOS = YES_AGGRESSIVE;
				GCC_WARN_UNUSED_FUNCTION = YES;
				GCC_WARN_UNUSED_VARIABLE = YES;
				IPHONEOS_DEPLOYMENT_TARGET = 15.4;
				MTL_ENABLE_DEBUG_INFO = NO;
				MTL_FAST_MATH = YES;
				SDKROOT = iphoneos;
				SWIFT_COMPILATION_MODE = wholemodule;
				SWIFT_OPTIMIZATION_LEVEL = "-O";
				VALIDATE_PRODUCT = YES;
			};
			name = Release;
		};
		343DB6B027E517E900B73C48 /* Debug */ = {
			isa = XCBuildConfiguration;
			buildSettings = {
				ASSETCATALOG_COMPILER_APPICON_NAME = AppIcon;
				ASSETCATALOG_COMPILER_GLOBAL_ACCENT_COLOR_NAME = AccentColor;
				CODE_SIGN_STYLE = Automatic;
				CURRENT_PROJECT_VERSION = 1;
				DEVELOPMENT_ASSET_PATHS = "\"Stocks/Preview Content\"";
				DEVELOPMENT_TEAM = 7G6A88N2VE;
				ENABLE_PREVIEWS = YES;
				GENERATE_INFOPLIST_FILE = YES;
				INFOPLIST_KEY_UIApplicationSceneManifest_Generation = YES;
				INFOPLIST_KEY_UIApplicationSupportsIndirectInputEvents = YES;
				INFOPLIST_KEY_UILaunchScreen_Generation = YES;
				INFOPLIST_KEY_UISupportedInterfaceOrientations_iPad = "UIInterfaceOrientationPortrait UIInterfaceOrientationPortraitUpsideDown UIInterfaceOrientationLandscapeLeft UIInterfaceOrientationLandscapeRight";
				INFOPLIST_KEY_UISupportedInterfaceOrientations_iPhone = "UIInterfaceOrientationPortrait UIInterfaceOrientationLandscapeLeft UIInterfaceOrientationLandscapeRight";
				LD_RUNPATH_SEARCH_PATHS = (
					"$(inherited)",
					"@executable_path/Frameworks",
				);
				MARKETING_VERSION = 1.0;
				PRODUCT_BUNDLE_IDENTIFIER = com.practise.Stocks;
				PRODUCT_NAME = "$(TARGET_NAME)";
				SWIFT_EMIT_LOC_STRINGS = YES;
				SWIFT_VERSION = 5.0;
				TARGETED_DEVICE_FAMILY = "1,2";
			};
			name = Debug;
		};
		343DB6B127E517E900B73C48 /* Release */ = {
			isa = XCBuildConfiguration;
			buildSettings = {
				ASSETCATALOG_COMPILER_APPICON_NAME = AppIcon;
				ASSETCATALOG_COMPILER_GLOBAL_ACCENT_COLOR_NAME = AccentColor;
				CODE_SIGN_STYLE = Automatic;
				CURRENT_PROJECT_VERSION = 1;
				DEVELOPMENT_ASSET_PATHS = "\"Stocks/Preview Content\"";
				DEVELOPMENT_TEAM = 7G6A88N2VE;
				ENABLE_PREVIEWS = YES;
				GENERATE_INFOPLIST_FILE = YES;
				INFOPLIST_KEY_UIApplicationSceneManifest_Generation = YES;
				INFOPLIST_KEY_UIApplicationSupportsIndirectInputEvents = YES;
				INFOPLIST_KEY_UILaunchScreen_Generation = YES;
				INFOPLIST_KEY_UISupportedInterfaceOrientations_iPad = "UIInterfaceOrientationPortrait UIInterfaceOrientationPortraitUpsideDown UIInterfaceOrientationLandscapeLeft UIInterfaceOrientationLandscapeRight";
				INFOPLIST_KEY_UISupportedInterfaceOrientations_iPhone = "UIInterfaceOrientationPortrait UIInterfaceOrientationLandscapeLeft UIInterfaceOrientationLandscapeRight";
				LD_RUNPATH_SEARCH_PATHS = (
					"$(inherited)",
					"@executable_path/Frameworks",
				);
				MARKETING_VERSION = 1.0;
				PRODUCT_BUNDLE_IDENTIFIER = com.practise.Stocks;
				PRODUCT_NAME = "$(TARGET_NAME)";
				SWIFT_EMIT_LOC_STRINGS = YES;
				SWIFT_VERSION = 5.0;
				TARGETED_DEVICE_FAMILY = "1,2";
			};
			name = Release;
		};
		343DB6B327E517E900B73C48 /* Debug */ = {
			isa = XCBuildConfiguration;
			buildSettings = {
				ALWAYS_EMBED_SWIFT_STANDARD_LIBRARIES = YES;
				BUNDLE_LOADER = "$(TEST_HOST)";
				CODE_SIGN_STYLE = Automatic;
				CURRENT_PROJECT_VERSION = 1;
				DEVELOPMENT_TEAM = 7G6A88N2VE;
				GENERATE_INFOPLIST_FILE = YES;
				IPHONEOS_DEPLOYMENT_TARGET = 15.4;
				MARKETING_VERSION = 1.0;
				PRODUCT_BUNDLE_IDENTIFIER = com.practise.StocksTests;
				PRODUCT_NAME = "$(TARGET_NAME)";
				SWIFT_EMIT_LOC_STRINGS = NO;
				SWIFT_VERSION = 5.0;
				TARGETED_DEVICE_FAMILY = "1,2";
				TEST_HOST = "$(BUILT_PRODUCTS_DIR)/Stocks.app/Stocks";
			};
			name = Debug;
		};
		343DB6B427E517E900B73C48 /* Release */ = {
			isa = XCBuildConfiguration;
			buildSettings = {
				ALWAYS_EMBED_SWIFT_STANDARD_LIBRARIES = YES;
				BUNDLE_LOADER = "$(TEST_HOST)";
				CODE_SIGN_STYLE = Automatic;
				CURRENT_PROJECT_VERSION = 1;
				DEVELOPMENT_TEAM = 7G6A88N2VE;
				GENERATE_INFOPLIST_FILE = YES;
				IPHONEOS_DEPLOYMENT_TARGET = 15.4;
				MARKETING_VERSION = 1.0;
				PRODUCT_BUNDLE_IDENTIFIER = com.practise.StocksTests;
				PRODUCT_NAME = "$(TARGET_NAME)";
				SWIFT_EMIT_LOC_STRINGS = NO;
				SWIFT_VERSION = 5.0;
				TARGETED_DEVICE_FAMILY = "1,2";
				TEST_HOST = "$(BUILT_PRODUCTS_DIR)/Stocks.app/Stocks";
			};
			name = Release;
		};
		343DB6B627E517E900B73C48 /* Debug */ = {
			isa = XCBuildConfiguration;
			buildSettings = {
				ALWAYS_EMBED_SWIFT_STANDARD_LIBRARIES = YES;
				CODE_SIGN_STYLE = Automatic;
				CURRENT_PROJECT_VERSION = 1;
				DEVELOPMENT_TEAM = 7G6A88N2VE;
				GENERATE_INFOPLIST_FILE = YES;
				MARKETING_VERSION = 1.0;
				PRODUCT_BUNDLE_IDENTIFIER = com.practise.StocksUITests;
				PRODUCT_NAME = "$(TARGET_NAME)";
				SWIFT_EMIT_LOC_STRINGS = NO;
				SWIFT_VERSION = 5.0;
				TARGETED_DEVICE_FAMILY = "1,2";
				TEST_TARGET_NAME = Stocks;
			};
			name = Debug;
		};
		343DB6B727E517E900B73C48 /* Release */ = {
			isa = XCBuildConfiguration;
			buildSettings = {
				ALWAYS_EMBED_SWIFT_STANDARD_LIBRARIES = YES;
				CODE_SIGN_STYLE = Automatic;
				CURRENT_PROJECT_VERSION = 1;
				DEVELOPMENT_TEAM = 7G6A88N2VE;
				GENERATE_INFOPLIST_FILE = YES;
				MARKETING_VERSION = 1.0;
				PRODUCT_BUNDLE_IDENTIFIER = com.practise.StocksUITests;
				PRODUCT_NAME = "$(TARGET_NAME)";
				SWIFT_EMIT_LOC_STRINGS = NO;
				SWIFT_VERSION = 5.0;
				TARGETED_DEVICE_FAMILY = "1,2";
				TEST_TARGET_NAME = Stocks;
			};
			name = Release;
		};
/* End XCBuildConfiguration section */

/* Begin XCConfigurationList section */
		343DB68627E517E800B73C48 /* Build configuration list for PBXProject "Stocks" */ = {
			isa = XCConfigurationList;
			buildConfigurations = (
				343DB6AD27E517E900B73C48 /* Debug */,
				343DB6AE27E517E900B73C48 /* Release */,
			);
			defaultConfigurationIsVisible = 0;
			defaultConfigurationName = Release;
		};
		343DB6AF27E517E900B73C48 /* Build configuration list for PBXNativeTarget "Stocks" */ = {
			isa = XCConfigurationList;
			buildConfigurations = (
				343DB6B027E517E900B73C48 /* Debug */,
				343DB6B127E517E900B73C48 /* Release */,
			);
			defaultConfigurationIsVisible = 0;
			defaultConfigurationName = Release;
		};
		343DB6B227E517E900B73C48 /* Build configuration list for PBXNativeTarget "StocksTests" */ = {
			isa = XCConfigurationList;
			buildConfigurations = (
				343DB6B327E517E900B73C48 /* Debug */,
				343DB6B427E517E900B73C48 /* Release */,
			);
			defaultConfigurationIsVisible = 0;
			defaultConfigurationName = Release;
		};
		343DB6B527E517E900B73C48 /* Build configuration list for PBXNativeTarget "StocksUITests" */ = {
			isa = XCConfigurationList;
			buildConfigurations = (
				343DB6B627E517E900B73C48 /* Debug */,
				343DB6B727E517E900B73C48 /* Release */,
			);
			defaultConfigurationIsVisible = 0;
			defaultConfigurationName = Release;
		};
/* End XCConfigurationList section */
	};
	rootObject = 343DB68327E517E800B73C48 /* Project object */;
}
